<?xml version="1.0" encoding="utf-8"?>
<Project ToolsVersion="4.0" xmlns="http://schemas.microsoft.com/developer/msbuild/2003">
  <ItemGroup>
    <Filter Include="VLang">
      <UniqueIdentifier>{d82b67bf-90a6-4b4a-9fd2-f2a09f8cecbf}</UniqueIdentifier>
    </Filter>
    <Filter Include="VLang\Misc">
      <UniqueIdentifier>{b88c168a-3819-45b4-a517-18e4bdbbe32d}</UniqueIdentifier>
    </Filter>
    <Filter Include="VLang\External">
      <UniqueIdentifier>{b9aa7b00-2c81-4e04-93b5-96bd2340fad0}</UniqueIdentifier>
    </Filter>
  </ItemGroup>
  <ItemGroup>
    <ClInclude Include="..\VLang\Misc\Color.h">
      <Filter>VLang\Misc</Filter>
    </ClInclude>
    <ClInclude Include="..\VLang\Misc\RunSample.h">
      <Filter>VLang\Misc</Filter>
    </ClInclude>
    <ClInclude Include="..\VLang\Misc\TTraits.h">
      <Filter>VLang\Misc</Filter>
    </ClInclude>
    <ClInclude Include="..\VLang\VEXBase.h">
      <Filter>VLang\Misc</Filter>
    </ClInclude>
    <ClInclude Include="..\VLang\Misc\VMath.h">
      <Filter>VLang\Misc</Filter>
    </ClInclude>
    <ClInclude Include="..\VLang\Misc\VUtils.h">
      <Filter>VLang\Misc</Filter>
    </ClInclude>
    <ClInclude Include="..\VLang\Misc\VUtilsBase.h">
      <Filter>VLang\Misc</Filter>
    </ClInclude>
  </ItemGroup>
  <ItemGroup>
    <ClCompile Include="..\VLang\Main.cpp">
      <Filter>VLang</Filter>
    </ClCompile>
    <ClCompile Include="..\VLang\Misc\RunSample.cpp">
      <Filter>VLang\Misc</Filter>
    </ClCompile>
    <ClCompile Include="..\VLang\TestSamples\TrivialSamples.cpp">
      <Filter>VLang\Misc</Filter>
    </ClCompile>
  </ItemGroup>
</Project>